
Microsoft Visual Studio Solution File, Format Version 12.00
# Visual Studio Version 16
VisualStudioVersion = 16.0.28803.202
MinimumVisualStudioVersion = 10.0.40219.1
Project("{FAE04EC0-301F-11D3-BF4B-00C04F79EFBC}") = "WpfApp1", "WpfApp1\WpfApp1.csproj", "{693B6A6A-D906-4302-AC90-2C7889C93EDD}"
EndProject
Global
	GlobalSection(SolutionConfigurationPlatforms) = preSolution
		Debug|Any CPU = Debug|Any CPU
		Release|Any CPU = Release|Any CPU
	EndGlobalSection
	GlobalSection(ProjectConfigurationPlatforms) = postSolution
		{693B6A6A-D906-4302-AC90-2C7889C93EDD}.Debug|Any CPU.ActiveCfg = Debug|Any CPU
		{693B6A6A-D906-4302-AC90-2C7889C93EDD}.Debug|Any CPU.Build.0 = Debug|Any CPU
		{693B6A6A-D906-4302-AC90-2C7889C93EDD}.Release|Any CPU.ActiveCfg = Release|Any CPU
		{693B6A6A-D906-4302-AC90-2C7889C93EDD}.Release|Any CPU.Build.0 = Release|Any CPU
	EndGlobalSection
	GlobalSection(SolutionProperties) = preSolution
		HideSolutionNode = FALSE
	EndGlobalSection
	GlobalSection(ExtensibilityGlobals) = postSolution
		SolutionGuid = {64753A13-D355-406A-962C-38BB0CB72BB9}
	EndGlobalSection
EndGlobal
